Microsoft Visual Studio Solution File, Format Version 12.00
# Visual Studio Version 17
VisualStudioVersion = 17.5.2.0
MinimumVisualStudioVersion = 10.0.40219.1
Project("{FAE04EC0-301F-11D3-BF4B-00C04F79EFBC}") = "SystemAdminPermissions", "SystemAdminPermissions.csproj", "{33DA22A8-6370-D526-B4D9-391E27169563}"
EndProject
Global
	GlobalSection(SolutionConfigurationPlatforms) = preSolution
		Debug|Any CPU = Debug|Any CPU
		Release|Any CPU = Release|Any CPU
	EndGlobalSection
	GlobalSection(ProjectConfigurationPlatforms) = postSolution
		{33DA22A8-6370-D526-B4D9-391E27169563}.Debug|Any CPU.ActiveCfg = Debug|Any CPU
		{33DA22A8-6370-D526-B4D9-391E27169563}.Debug|Any CPU.Build.0 = Debug|Any CPU
		{33DA22A8-6370-D526-B4D9-391E27169563}.Release|Any CPU.ActiveCfg = Release|Any CPU
		{33DA22A8-6370-D526-B4D9-391E27169563}.Release|Any CPU.Build.0 = Release|Any CPU
	EndGlobalSection
	GlobalSection(SolutionProperties) = preSolution
		HideSolutionNode = FALSE
	EndGlobalSection
	GlobalSection(ExtensibilityGlobals) = postSolution
		SolutionGuid = {9ED459E5-1DAA-49EB-B03F-0B9B2E8D44EB}
	EndGlobalSection
EndGlobal
